
Microsoft Visual Studio Solution File, Format Version 12.00
Project("{FAE04EC0-301F-11D3-BF4B-00C04F79EFBC}") = "SuperBasicGraphDataStructure", "SuperBasicGraphDataStructure\SuperBasicGraphDataStructure.csproj", "{0F32DEC0-2D2B-421B-8901-B1A774B37701}"
EndProject
Project("{FAE04EC0-301F-11D3-BF4B-00C04F79EFBC}") = "SuperBasicGraphDataStructureUnitTests", "SuperBasicGraphDataStructureUnitTests\SuperBasicGraphDataStructureUnitTests.csproj", "{63F8F8A6-4071-4768-9EEC-DBCB3E6F963D}"
EndProject
Global
	GlobalSection(SolutionConfigurationPlatforms) = preSolution
		Debug|Any CPU = Debug|Any CPU
		Release|Any CPU = Release|Any CPU
	EndGlobalSection
	GlobalSection(ProjectConfigurationPlatforms) = postSolution
		{0F32DEC0-2D2B-421B-8901-B1A774B37701}.Debug|Any CPU.ActiveCfg = Debug|Any CPU
		{0F32DEC0-2D2B-421B-8901-B1A774B37701}.Debug|Any CPU.Build.0 = Debug|Any CPU
		{0F32DEC0-2D2B-421B-8901-B1A774B37701}.Release|Any CPU.ActiveCfg = Release|Any CPU
		{0F32DEC0-2D2B-421B-8901-B1A774B37701}.Release|Any CPU.Build.0 = Release|Any CPU
		{63F8F8A6-4071-4768-9EEC-DBCB3E6F963D}.Debug|Any CPU.ActiveCfg = Debug|Any CPU
		{63F8F8A6-4071-4768-9EEC-DBCB3E6F963D}.Debug|Any CPU.Build.0 = Debug|Any CPU
		{63F8F8A6-4071-4768-9EEC-DBCB3E6F963D}.Release|Any CPU.ActiveCfg = Release|Any CPU
		{63F8F8A6-4071-4768-9EEC-DBCB3E6F963D}.Release|Any CPU.Build.0 = Release|Any CPU
	EndGlobalSection
EndGlobal
